
Microsoft Visual Studio Solution File, Format Version 12.00
# Visual Studio Version 16
VisualStudioVersion = 16.0.29920.165
MinimumVisualStudioVersion = 10.0.40219.1
Project("{FAE04EC0-301F-11D3-BF4B-00C04F79EFBC}") = "lab3zad3", "lab3zad3.csproj", "{D65F0C01-F5E4-424A-8970-524DEF7DE608}"
EndProject
Global
	GlobalSection(SolutionConfigurationPlatforms) = preSolution
		Debug|Any CPU = Debug|Any CPU
		Release|Any CPU = Release|Any CPU
	EndGlobalSection
	GlobalSection(ProjectConfigurationPlatforms) = postSolution
		{D65F0C01-F5E4-424A-8970-524DEF7DE608}.Debug|Any CPU.ActiveCfg = Debug|Any CPU
		{D65F0C01-F5E4-424A-8970-524DEF7DE608}.Debug|Any CPU.Build.0 = Debug|Any CPU
		{D65F0C01-F5E4-424A-8970-524DEF7DE608}.Release|Any CPU.ActiveCfg = Release|Any CPU
		{D65F0C01-F5E4-424A-8970-524DEF7DE608}.Release|Any CPU.Build.0 = Release|Any CPU
	EndGlobalSection
	GlobalSection(SolutionProperties) = preSolution
		HideSolutionNode = FALSE
	EndGlobalSection
	GlobalSection(ExtensibilityGlobals) = postSolution
		SolutionGuid = {3A7C628A-C29B-4999-B9A0-464578F1BF72}
	EndGlobalSection
EndGlobal
